
Microsoft Visual Studio Solution File, Format Version 12.00
# Visual Studio Version 17
VisualStudioVersion = 17.9.34902.65
MinimumVisualStudioVersion = 10.0.40219.1
Project("{F2A71F9B-5D33-465A-A702-920D77279786}") = "lab5", "lab5\lab5.fsproj", "{8D5DDE55-D963-4ACB-8D65-9014CCC962C2}"
EndProject
Global
	GlobalSection(SolutionConfigurationPlatforms) = preSolution
		Debug|Any CPU = Debug|Any CPU
		Release|Any CPU = Release|Any CPU
	EndGlobalSection
	GlobalSection(ProjectConfigurationPlatforms) = postSolution
		{8D5DDE55-D963-4ACB-8D65-9014CCC962C2}.Debug|Any CPU.ActiveCfg = Debug|Any CPU
		{8D5DDE55-D963-4ACB-8D65-9014CCC962C2}.Debug|Any CPU.Build.0 = Debug|Any CPU
		{8D5DDE55-D963-4ACB-8D65-9014CCC962C2}.Release|Any CPU.ActiveCfg = Release|Any CPU
		{8D5DDE55-D963-4ACB-8D65-9014CCC962C2}.Release|Any CPU.Build.0 = Release|Any CPU
	EndGlobalSection
	GlobalSection(SolutionProperties) = preSolution
		HideSolutionNode = FALSE
	EndGlobalSection
	GlobalSection(ExtensibilityGlobals) = postSolution
		SolutionGuid = {CC37A577-9EA9-417D-82D4-E6E53C2638D3}
	EndGlobalSection
EndGlobal
